
Microsoft Visual Studio Solution File, Format Version 12.00
# Visual Studio 15
VisualStudioVersion = 15.0.28307.1433
MinimumVisualStudioVersion = 10.0.40219.1
Project("{FAE04EC0-301F-11D3-BF4B-00C04F79EFBC}") = "Store", "Store\Store.csproj", "{D5DD1F20-462D-4970-8631-4B579D776E14}"
EndProject
Global
	GlobalSection(SolutionConfigurationPlatforms) = preSolution
		Debug|Any CPU = Debug|Any CPU
		Release|Any CPU = Release|Any CPU
	EndGlobalSection
	GlobalSection(ProjectConfigurationPlatforms) = postSolution
		{D5DD1F20-462D-4970-8631-4B579D776E14}.Debug|Any CPU.ActiveCfg = Debug|Any CPU
		{D5DD1F20-462D-4970-8631-4B579D776E14}.Debug|Any CPU.Build.0 = Debug|Any CPU
		{D5DD1F20-462D-4970-8631-4B579D776E14}.Release|Any CPU.ActiveCfg = Release|Any CPU
		{D5DD1F20-462D-4970-8631-4B579D776E14}.Release|Any CPU.Build.0 = Release|Any CPU
	EndGlobalSection
	GlobalSection(SolutionProperties) = preSolution
		HideSolutionNode = FALSE
	EndGlobalSection
	GlobalSection(ExtensibilityGlobals) = postSolution
		SolutionGuid = {F49878ED-23DB-44F7-83ED-9788A964BDD9}
	EndGlobalSection
EndGlobal
